hash: ff5bb1121a6f1fdc2390cec050048cbcdde9be5ff6b161f3a5af3c7f5d4382d9
updated: 2016-12-23T17:50:41.268799995+08:00
imports:
- name: github.com/adamzy/cedar-go
  version: d348c21f72432c2b6d5f05f68759fde94f64b227
- name: github.com/gorilla/context
  version: 08b5f424b9271eedf6f9f0ce86cb9396ed337a42
- name: github.com/gorilla/mux
  version: 757bef944d0f21880861c2dd9c871ca543023cba
- name: github.com/repong/sego
  version: 5c2013595dfad6413acc49e5d128f303ba5becea
testImports: []
